
Microsoft Visual Studio Solution File, Format Version 12.00
# Visual Studio Version 17
VisualStudioVersion = 17.12.35707.178
MinimumVisualStudioVersion = 10.0.40219.1
Project("{FAE04EC0-301F-11D3-BF4B-00C04F79EFBC}") = "Comment.Api", "Comment_Microservice\Comment.Api.csproj", "{8B9F8867-B347-4CDE-B606-37DA015C3358}"
EndProject
Project("{FAE04EC0-301F-11D3-BF4B-00C04F79EFBC}") = "Commet.Service", "Commet.Data\Commet.Service.csproj", "{2EED445F-19E5-4208-8CB8-C53D07D6668A}"
EndProject
Project("{FAE04EC0-301F-11D3-BF4B-00C04F79EFBC}") = "Comment.Data", "Comment.Service\Comment.Data.csproj", "{03B0F4B3-5AD4-4FBD-8D50-5A506D7ABF58}"
EndProject
Global
	GlobalSection(SolutionConfigurationPlatforms) = preSolution
		Debug|Any CPU = Debug|Any CPU
		Release|Any CPU = Release|Any CPU
	EndGlobalSection
	GlobalSection(ProjectConfigurationPlatforms) = postSolution
		{8B9F8867-B347-4CDE-B606-37DA015C3358}.Debug|Any CPU.ActiveCfg = Debug|Any CPU
		{8B9F8867-B347-4CDE-B606-37DA015C3358}.Debug|Any CPU.Build.0 = Debug|Any CPU
		{8B9F8867-B347-4CDE-B606-37DA015C3358}.Release|Any CPU.ActiveCfg = Release|Any CPU
		{8B9F8867-B347-4CDE-B606-37DA015C3358}.Release|Any CPU.Build.0 = Release|Any CPU
		{2EED445F-19E5-4208-8CB8-C53D07D6668A}.Debug|Any CPU.ActiveCfg = Debug|Any CPU
		{2EED445F-19E5-4208-8CB8-C53D07D6668A}.Debug|Any CPU.Build.0 = Debug|Any CPU
		{2EED445F-19E5-4208-8CB8-C53D07D6668A}.Release|Any CPU.ActiveCfg = Release|Any CPU
		{2EED445F-19E5-4208-8CB8-C53D07D6668A}.Release|Any CPU.Build.0 = Release|Any CPU
		{03B0F4B3-5AD4-4FBD-8D50-5A506D7ABF58}.Debug|Any CPU.ActiveCfg = Debug|Any CPU
		{03B0F4B3-5AD4-4FBD-8D50-5A506D7ABF58}.Debug|Any CPU.Build.0 = Debug|Any CPU
		{03B0F4B3-5AD4-4FBD-8D50-5A506D7ABF58}.Release|Any CPU.ActiveCfg = Release|Any CPU
		{03B0F4B3-5AD4-4FBD-8D50-5A506D7ABF58}.Release|Any CPU.Build.0 = Release|Any CPU
	EndGlobalSection
	GlobalSection(SolutionProperties) = preSolution
		HideSolutionNode = FALSE
	EndGlobalSection
EndGlobal
